
Microsoft Visual Studio Solution File, Format Version 12.00
# Visual Studio Version 16
VisualStudioVersion = 16.0.34114.132
MinimumVisualStudioVersion = 10.0.40219.1
Project("{9A19103F-16F7-4668-BE54-9A1E7A4F7556}") = "Core_Proje5", "Core_Proje5\Core_Proje5.csproj", "{B6E022DA-5151-4372-AFF2-F8D6DB472788}"
EndProject
Project("{9A19103F-16F7-4668-BE54-9A1E7A4F7556}") = "BusinessLayer", "BusinessLayer\BusinessLayer.csproj", "{7D17CC83-6C96-4E3F-8FD0-5075590A8A79}"
EndProject
Project("{9A19103F-16F7-4668-BE54-9A1E7A4F7556}") = "DataAccessLayer", "DataAccessLayer\DataAccessLayer.csproj", "{DE329C22-24B5-4F68-B214-04A1244EADD1}"
EndProject
Project("{9A19103F-16F7-4668-BE54-9A1E7A4F7556}") = "EntityLayer", "EntityLayer\EntityLayer.csproj", "{DC57025B-14A4-455A-8DCB-F6F4810DC33E}"
EndProject
Project("{FAE04EC0-301F-11D3-BF4B-00C04F79EFBC}") = "Core_Proje_Api", "Core_Proje_Api\Core_Proje_Api.csproj", "{B08E8A37-9908-494E-A9C4-1C58B52EF871}"
EndProject
Global
	GlobalSection(SolutionConfigurationPlatforms) = preSolution
		Debug|Any CPU = Debug|Any CPU
		Release|Any CPU = Release|Any CPU
	EndGlobalSection
	GlobalSection(ProjectConfigurationPlatforms) = postSolution
		{B6E022DA-5151-4372-AFF2-F8D6DB472788}.Debug|Any CPU.ActiveCfg = Debug|Any CPU
		{B6E022DA-5151-4372-AFF2-F8D6DB472788}.Debug|Any CPU.Build.0 = Debug|Any CPU
		{B6E022DA-5151-4372-AFF2-F8D6DB472788}.Release|Any CPU.ActiveCfg = Release|Any CPU
		{B6E022DA-5151-4372-AFF2-F8D6DB472788}.Release|Any CPU.Build.0 = Release|Any CPU
		{7D17CC83-6C96-4E3F-8FD0-5075590A8A79}.Debug|Any CPU.ActiveCfg = Debug|Any CPU
		{7D17CC83-6C96-4E3F-8FD0-5075590A8A79}.Debug|Any CPU.Build.0 = Debug|Any CPU
		{7D17CC83-6C96-4E3F-8FD0-5075590A8A79}.Release|Any CPU.ActiveCfg = Release|Any CPU
		{7D17CC83-6C96-4E3F-8FD0-5075590A8A79}.Release|Any CPU.Build.0 = Release|Any CPU
		{DE329C22-24B5-4F68-B214-04A1244EADD1}.Debug|Any CPU.ActiveCfg = Debug|Any CPU
		{DE329C22-24B5-4F68-B214-04A1244EADD1}.Debug|Any CPU.Build.0 = Debug|Any CPU
		{DE329C22-24B5-4F68-B214-04A1244EADD1}.Release|Any CPU.ActiveCfg = Release|Any CPU
		{DE329C22-24B5-4F68-B214-04A1244EADD1}.Release|Any CPU.Build.0 = Release|Any CPU
		{DC57025B-14A4-455A-8DCB-F6F4810DC33E}.Debug|Any CPU.ActiveCfg = Debug|Any CPU
		{DC57025B-14A4-455A-8DCB-F6F4810DC33E}.Debug|Any CPU.Build.0 = Debug|Any CPU
		{DC57025B-14A4-455A-8DCB-F6F4810DC33E}.Release|Any CPU.ActiveCfg = Release|Any CPU
		{DC57025B-14A4-455A-8DCB-F6F4810DC33E}.Release|Any CPU.Build.0 = Release|Any CPU
		{B08E8A37-9908-494E-A9C4-1C58B52EF871}.Debug|Any CPU.ActiveCfg = Debug|Any CPU
		{B08E8A37-9908-494E-A9C4-1C58B52EF871}.Debug|Any CPU.Build.0 = Debug|Any CPU
		{B08E8A37-9908-494E-A9C4-1C58B52EF871}.Release|Any CPU.ActiveCfg = Release|Any CPU
		{B08E8A37-9908-494E-A9C4-1C58B52EF871}.Release|Any CPU.Build.0 = Release|Any CPU
	EndGlobalSection
	GlobalSection(SolutionProperties) = preSolution
		HideSolutionNode = FALSE
	EndGlobalSection
	GlobalSection(ExtensibilityGlobals) = postSolution
		SolutionGuid = {7FCB1335-8122-4BAB-8015-72A11AE63EF7}
	EndGlobalSection
EndGlobal
